// !$*UTF8*$!
{
	archiveVersion = 1;
	classes = {
	};
	objectVersion = 46;
	objects = {

/* Begin PBXBuildFile section */
		212C447D1F7659BB002B8322 /* AsyncImageView.swift in Sources */ = {isa = PBXBuildFile; fileRef = 212C447C1F7659BB002B8322 /* AsyncImageView.swift */; };
		215B79211F7339CD0012D944 /* AppDelegate.swift in Sources */ = {isa = PBXBuildFile; fileRef = 215B79201F7339CD0012D944 /* AppDelegate.swift */; };
		215B79231F7339CD0012D944 /* ViewController.swift in Sources */ = {isa = PBXBuildFile; fileRef = 215B79221F7339CD0012D944 /* ViewController.swift */; };
		215B79261F7339CD0012D944 /* Main.storyboard in Resources */ = {isa = PBXBuildFile; fileRef = 215B79241F7339CD0012D944 /* Main.storyboard */; };
		215B79281F7339CD0012D944 /* Assets.xcassets in Resources */ = {isa = PBXBuildFile; fileRef = 215B79271F7339CD0012D944 /* Assets.xcassets */; };
		215B792B1F7339CD0012D944 /* LaunchScreen.storyboard in Resources */ = {isa = PBXBuildFile; fileRef = 215B79291F7339CD0012D944 /* LaunchScreen.storyboard */; };
		215B79361F7339CD0012D944 /* GPlaceKitTests.swift in Sources */ = {isa = PBXBuildFile; fileRef = 215B79351F7339CD0012D944 /* GPlaceKitTests.swift */; };
		215B79471F73615D0012D944 /* HTTPService.swift in Sources */ = {isa = PBXBuildFile; fileRef = 215B79461F73615D0012D944 /* HTTPService.swift */; };
		215B79481F73615D0012D944 /* HTTPService.swift in Sources */ = {isa = PBXBuildFile; fileRef = 215B79461F73615D0012D944 /* HTTPService.swift */; };
		215BF0201F75D9DA005DDB68 /* DetailViewModel.swift in Sources */ = {isa = PBXBuildFile; fileRef = 215BF01F1F75D9DA005DDB68 /* DetailViewModel.swift */; };
		215BF0221F75DC1A005DDB68 /* DetailModel.swift in Sources */ = {isa = PBXBuildFile; fileRef = 215BF0211F75DC1A005DDB68 /* DetailModel.swift */; };
		215BF0271F76139E005DDB68 /* DetailTitleTableViewCell.swift in Sources */ = {isa = PBXBuildFile; fileRef = 215BF0261F76139E005DDB68 /* DetailTitleTableViewCell.swift */; };
		215BF0291F76254C005DDB68 /* DetailPhotoTableViewCell.swift in Sources */ = {isa = PBXBuildFile; fileRef = 215BF0281F76254C005DDB68 /* DetailPhotoTableViewCell.swift */; };
		215BF02B1F763B6B005DDB68 /* DetailPhotoCollectionViewCell.swift in Sources */ = {isa = PBXBuildFile; fileRef = 215BF02A1F763B6B005DDB68 /* DetailPhotoCollectionViewCell.swift */; };
		215BF02D1F764711005DDB68 /* DetailMapTableViewCell.swift in Sources */ = {isa = PBXBuildFile; fileRef = 215BF02C1F764711005DDB68 /* DetailMapTableViewCell.swift */; };
		215DCAE01F74C4010032CE39 /* TextSearchModel.swift in Sources */ = {isa = PBXBuildFile; fileRef = 215DCADF1F74C4010032CE39 /* TextSearchModel.swift */; };
		215DCAE21F74C5450032CE39 /* TextSearchViewModel.swift in Sources */ = {isa = PBXBuildFile; fileRef = 215DCAE11F74C5450032CE39 /* TextSearchViewModel.swift */; };
		215DCAE41F750FCE0032CE39 /* SearchListTableViewCell.swift in Sources */ = {isa = PBXBuildFile; fileRef = 215DCAE31F750FCE0032CE39 /* SearchListTableViewCell.swift */; };
		215DCAE61F753CFA0032CE39 /* DetailViewController.swift in Sources */ = {isa = PBXBuildFile; fileRef = 215DCAE51F753CFA0032CE39 /* DetailViewController.swift */; };
/* End PBXBuildFile section */

/* Begin PBXContainerItemProxy section */
		215B79321F7339CD0012D944 /* PBXContainerItemProxy */ = {
			isa = PBXContainerItemProxy;
			containerPortal = 215B79151F7339CD0012D944 /* Project object */;
			proxyType = 1;
			remoteGlobalIDString = 215B791C1F7339CD0012D944;
			remoteInfo = GPlaceKit;
		};
/* End PBXContainerItemProxy section */

/* Begin PBXFileReference section */
		212C447C1F7659BB002B8322 /* AsyncImageView.swift */ = {isa = PBXFileReference; fileEncoding = 4; lastKnownFileType = sourcecode.swift; path = AsyncImageView.swift; sourceTree = "<group>"; };
		215B791D1F7339CD0012D944 /* GPlaceKit.app */ = {isa = PBXFileReference; explicitFileType = wrapper.application; includeInIndex = 0; path = GPlaceKit.app; sourceTree = BUILT_PRODUCTS_DIR; };
		215B79201F7339CD0012D944 /* AppDelegate.swift */ = {isa = PBXFileReference; lastKnownFileType = sourcecode.swift; path = AppDelegate.swift; sourceTree = "<group>"; };
		215B79221F7339CD0012D944 /* ViewController.swift */ = {isa = PBXFileReference; lastKnownFileType = sourcecode.swift; name = ViewController.swift; path = ../../ViewController.swift; sourceTree = "<group>"; };
		215B79251F7339CD0012D944 /* Base */ = {isa = PBXFileReference; lastKnownFileType = file.storyboard; name = Base; path = Base.lproj/Main.storyboard; sourceTree = "<group>"; };
		215B79271F7339CD0012D944 /* Assets.xcassets */ = {isa = PBXFileReference; lastKnownFileType = folder.assetcatalog; path = Assets.xcassets; sourceTree = "<group>"; };
		215B792A1F7339CD0012D944 /* Base */ = {isa = PBXFileReference; lastKnownFileType = file.storyboard; name = Base; path = Base.lproj/LaunchScreen.storyboard; sourceTree = "<group>"; };
		215B792C1F7339CD0012D944 /* Info.plist */ = {isa = PBXFileReference; lastKnownFileType = text.plist.xml; path = Info.plist; sourceTree = "<group>"; };
		215B79311F7339CD0012D944 /* GPlaceKitTests.xctest */ = {isa = PBXFileReference; explicitFileType = wrapper.cfbundle; includeInIndex = 0; path = GPlaceKitTests.xctest; sourceTree = BUILT_PRODUCTS_DIR; };
		215B79351F7339CD0012D944 /* GPlaceKitTests.swift */ = {isa = PBXFileReference; lastKnownFileType = sourcecode.swift; path = GPlaceKitTests.swift; sourceTree = "<group>"; };
		215B79371F7339CD0012D944 /* Info.plist */ = {isa = PBXFileReference; lastKnownFileType = text.plist.xml; path = Info.plist; sourceTree = "<group>"; };
		215B79461F73615D0012D944 /* HTTPService.swift */ = {isa = PBXFileReference; fileEncoding = 4; lastKnownFileType = sourcecode.swift; path = HTTPService.swift; sourceTree = "<group>"; };
		215BF01F1F75D9DA005DDB68 /* DetailViewModel.swift */ = {isa = PBXFileReference; fileEncoding = 4; lastKnownFileType = sourcecode.swift; path = DetailViewModel.swift; sourceTree = "<group>"; };
		215BF0211F75DC1A005DDB68 /* DetailModel.swift */ = {isa = PBXFileReference; fileEncoding = 4; lastKnownFileType = sourcecode.swift; path = DetailModel.swift; sourceTree = "<group>"; };
		215BF0261F76139E005DDB68 /* DetailTitleTableViewCell.swift */ = {isa = PBXFileReference; fileEncoding = 4; lastKnownFileType = sourcecode.swift; path = DetailTitleTableViewCell.swift; sourceTree = "<group>"; };
		215BF0281F76254C005DDB68 /* DetailPhotoTableViewCell.swift */ = {isa = PBXFileReference; fileEncoding = 4; lastKnownFileType = sourcecode.swift; path = DetailPhotoTableViewCell.swift; sourceTree = "<group>"; };
		215BF02A1F763B6B005DDB68 /* DetailPhotoCollectionViewCell.swift */ = {isa = PBXFileReference; fileEncoding = 4; lastKnownFileType = sourcecode.swift; path = DetailPhotoCollectionViewCell.swift; sourceTree = "<group>"; };
		215BF02C1F764711005DDB68 /* DetailMapTableViewCell.swift */ = {isa = PBXFileReference; fileEncoding = 4; lastKnownFileType = sourcecode.swift; path = DetailMapTableViewCell.swift; sourceTree = "<group>"; };
		215DCADF1F74C4010032CE39 /* TextSearchModel.swift */ = {isa = PBXFileReference; fileEncoding = 4; lastKnownFileType = sourcecode.swift; path = TextSearchModel.swift; sourceTree = "<group>"; };
		215DCAE11F74C5450032CE39 /* TextSearchViewModel.swift */ = {isa = PBXFileReference; fileEncoding = 4; lastKnownFileType = sourcecode.swift; path = TextSearchViewModel.swift; sourceTree = "<group>"; };
		215DCAE31F750FCE0032CE39 /* SearchListTableViewCell.swift */ = {isa = PBXFileReference; fileEncoding = 4; lastKnownFileType = sourcecode.swift; path = SearchListTableViewCell.swift; sourceTree = "<group>"; };
		215DCAE51F753CFA0032CE39 /* DetailViewController.swift */ = {isa = PBXFileReference; fileEncoding = 4; lastKnownFileType = sourcecode.swift; path = DetailViewController.swift; sourceTree = "<group>"; };
/* End PBXFileReference section */

/* Begin PBXFrameworksBuildPhase section */
		215B791A1F7339CD0012D944 /* Frameworks */ = {
			isa = PBXFrameworksBuildPhase;
			buildActionMask = 2147483647;
			files = (
			);
			runOnlyForDeploymentPostprocessing = 0;
		};
		215B792E1F7339CD0012D944 /* Frameworks */ = {
			isa = PBXFrameworksBuildPhase;
			buildActionMask = 2147483647;
			files = (
			);
			runOnlyForDeploymentPostprocessing = 0;
		};
/* End PBXFrameworksBuildPhase section */

/* Begin PBXGroup section */
		215B79141F7339CD0012D944 = {
			isa = PBXGroup;
			children = (
				215B791F1F7339CD0012D944 /* GPlaceKit */,
				215B79341F7339CD0012D944 /* GPlaceKitTests */,
				215B791E1F7339CD0012D944 /* Products */,
			);
			sourceTree = "<group>";
		};
		215B791E1F7339CD0012D944 /* Products */ = {
			isa = PBXGroup;
			children = (
				215B791D1F7339CD0012D944 /* GPlaceKit.app */,
				215B79311F7339CD0012D944 /* GPlaceKitTests.xctest */,
			);
			name = Products;
			sourceTree = "<group>";
		};
		215B791F1F7339CD0012D944 /* GPlaceKit */ = {
			isa = PBXGroup;
			children = (
				215B79411F7360FE0012D944 /* Model */,
				215DCADE1F7495470032CE39 /* ViewModel */,
				215B79431F73611B0012D944 /* View */,
				215B79421F7360FE0012D944 /* Service */,
				215B79201F7339CD0012D944 /* AppDelegate.swift */,
				215B79241F7339CD0012D944 /* Main.storyboard */,
				215B79271F7339CD0012D944 /* Assets.xcassets */,
				215B79291F7339CD0012D944 /* LaunchScreen.storyboard */,
				215B792C1F7339CD0012D944 /* Info.plist */,
			);
			path = GPlaceKit;
			sourceTree = "<group>";
		};
		215B79341F7339CD0012D944 /* GPlaceKitTests */ = {
			isa = PBXGroup;
			children = (
				215B79351F7339CD0012D944 /* GPlaceKitTests.swift */,
				215B79371F7339CD0012D944 /* Info.plist */,
			);
			path = GPlaceKitTests;
			sourceTree = "<group>";
		};
		215B79411F7360FE0012D944 /* Model */ = {
			isa = PBXGroup;
			children = (
				215DCADF1F74C4010032CE39 /* TextSearchModel.swift */,
				215BF0211F75DC1A005DDB68 /* DetailModel.swift */,
			);
			path = Model;
			sourceTree = "<group>";
		};
		215B79421F7360FE0012D944 /* Service */ = {
			isa = PBXGroup;
			children = (
				215B79461F73615D0012D944 /* HTTPService.swift */,
				212C447C1F7659BB002B8322 /* AsyncImageView.swift */,
			);
			path = Service;
			sourceTree = "<group>";
		};
		215B79431F73611B0012D944 /* View */ = {
			isa = PBXGroup;
			children = (
				215B79441F7361330012D944 /* Cell */,
				215B79451F7361330012D944 /* Controller */,
			);
			path = View;
			sourceTree = "<group>";
		};
		215B79441F7361330012D944 /* Cell */ = {
			isa = PBXGroup;
			children = (
				215DCAE31F750FCE0032CE39 /* SearchListTableViewCell.swift */,
				215BF0261F76139E005DDB68 /* DetailTitleTableViewCell.swift */,
				215BF02C1F764711005DDB68 /* DetailMapTableViewCell.swift */,
				215BF0281F76254C005DDB68 /* DetailPhotoTableViewCell.swift */,
				215BF02A1F763B6B005DDB68 /* DetailPhotoCollectionViewCell.swift */,
			);
			path = Cell;
			sourceTree = "<group>";
		};
		215B79451F7361330012D944 /* Controller */ = {
			isa = PBXGroup;
			children = (
				215B79221F7339CD0012D944 /* ViewController.swift */,
				215DCAE51F753CFA0032CE39 /* DetailViewController.swift */,
			);
			path = Controller;
			sourceTree = "<group>";
		};
		215DCADE1F7495470032CE39 /* ViewModel */ = {
			isa = PBXGroup;
			children = (
				215DCAE11F74C5450032CE39 /* TextSearchViewModel.swift */,
				215BF01F1F75D9DA005DDB68 /* DetailViewModel.swift */,
			);
			path = ViewModel;
			sourceTree = "<group>";
		};
/* End PBXGroup section */

/* Begin PBXNativeTarget section */
		215B791C1F7339CD0012D944 /* GPlaceKit */ = {
			isa = PBXNativeTarget;
			buildConfigurationList = 215B793A1F7339CD0012D944 /* Build configuration list for PBXNativeTarget "GPlaceKit" */;
			buildPhases = (
				215B79191F7339CD0012D944 /* Sources */,
				215B791A1F7339CD0012D944 /* Frameworks */,
				215B791B1F7339CD0012D944 /* Resources */,
			);
			buildRules = (
			);
			dependencies = (
			);
			name = GPlaceKit;
			productName = GPlaceKit;
			productReference = 215B791D1F7339CD0012D944 /* GPlaceKit.app */;
			productType = "com.apple.product-type.application";
		};
		215B79301F7339CD0012D944 /* GPlaceKitTests */ = {
			isa = PBXNativeTarget;
			buildConfigurationList = 215B793D1F7339CD0012D944 /* Build configuration list for PBXNativeTarget "GPlaceKitTests" */;
			buildPhases = (
				215B792D1F7339CD0012D944 /* Sources */,
				215B792E1F7339CD0012D944 /* Frameworks */,
				215B792F1F7339CD0012D944 /* Resources */,
			);
			buildRules = (
			);
			dependencies = (
				215B79331F7339CD0012D944 /* PBXTargetDependency */,
			);
			name = GPlaceKitTests;
			productName = GPlaceKitTests;
			productReference = 215B79311F7339CD0012D944 /* GPlaceKitTests.xctest */;
			productType = "com.apple.product-type.bundle.unit-test";
		};
/* End PBXNativeTarget section */

/* Begin PBXProject section */
		215B79151F7339CD0012D944 /* Project object */ = {
			isa = PBXProject;
			attributes = {
				LastSwiftUpdateCheck = 0830;
				LastUpgradeCheck = 0830;
				ORGANIZATIONNAME = jeanclad;
				TargetAttributes = {
					215B791C1F7339CD0012D944 = {
						CreatedOnToolsVersion = 8.3.3;
						ProvisioningStyle = Automatic;
					};
					215B79301F7339CD0012D944 = {
						CreatedOnToolsVersion = 8.3.3;
						ProvisioningStyle = Automatic;
						TestTargetID = 215B791C1F7339CD0012D944;
					};
				};
			};
			buildConfigurationList = 215B79181F7339CD0012D944 /* Build configuration list for PBXProject "GPlaceKit" */;
			compatibilityVersion = "Xcode 3.2";
			developmentRegion = English;
			hasScannedForEncodings = 0;
			knownRegions = (
				en,
				Base,
			);
			mainGroup = 215B79141F7339CD0012D944;
			productRefGroup = 215B791E1F7339CD0012D944 /* Products */;
			projectDirPath = "";
			projectRoot = "";
			targets = (
				215B791C1F7339CD0012D944 /* GPlaceKit */,
				215B79301F7339CD0012D944 /* GPlaceKitTests */,
			);
		};
/* End PBXProject section */

/* Begin PBXResourcesBuildPhase section */
		215B791B1F7339CD0012D944 /* Resources */ = {
			isa = PBXResourcesBuildPhase;
			buildActionMask = 2147483647;
			files = (
				215B792B1F7339CD0012D944 /* LaunchScreen.storyboard in Resources */,
				215B79281F7339CD0012D944 /* Assets.xcassets in Resources */,
				215B79261F7339CD0012D944 /* Main.storyboard in Resources */,
			);
			runOnlyForDeploymentPostprocessing = 0;
		};
		215B792F1F7339CD0012D944 /* Resources */ = {
			isa = PBXResourcesBuildPhase;
			buildActionMask = 2147483647;
			files = (
			);
			runOnlyForDeploymentPostprocessing = 0;
		};
/* End PBXResourcesBuildPhase section */

/* Begin PBXSourcesBuildPhase section */
		215B79191F7339CD0012D944 /* Sources */ = {
			isa = PBXSourcesBuildPhase;
			buildActionMask = 2147483647;
			files = (
				215DCAE01F74C4010032CE39 /* TextSearchModel.swift in Sources */,
				215BF02D1F764711005DDB68 /* DetailMapTableViewCell.swift in Sources */,
				215DCAE21F74C5450032CE39 /* TextSearchViewModel.swift in Sources */,
				215BF02B1F763B6B005DDB68 /* DetailPhotoCollectionViewCell.swift in Sources */,
				215B79471F73615D0012D944 /* HTTPService.swift in Sources */,
				215BF0221F75DC1A005DDB68 /* DetailModel.swift in Sources */,
				215DCAE41F750FCE0032CE39 /* SearchListTableViewCell.swift in Sources */,
				215BF0271F76139E005DDB68 /* DetailTitleTableViewCell.swift in Sources */,
				215BF0291F76254C005DDB68 /* DetailPhotoTableViewCell.swift in Sources */,
				215B79231F7339CD0012D944 /* ViewController.swift in Sources */,
				215B79211F7339CD0012D944 /* AppDelegate.swift in Sources */,
				215DCAE61F753CFA0032CE39 /* DetailViewController.swift in Sources */,
				215BF0201F75D9DA005DDB68 /* DetailViewModel.swift in Sources */,
				212C447D1F7659BB002B8322 /* AsyncImageView.swift in Sources */,
			);
			runOnlyForDeploymentPostprocessing = 0;
		};
		215B792D1F7339CD0012D944 /* Sources */ = {
			isa = PBXSourcesBuildPhase;
			buildActionMask = 2147483647;
			files = (
				215B79361F7339CD0012D944 /* GPlaceKitTests.swift in Sources */,
				215B79481F73615D0012D944 /* HTTPService.swift in Sources */,
			);
			runOnlyForDeploymentPostprocessing = 0;
		};
/* End PBXSourcesBuildPhase section */

/* Begin PBXTargetDependency section */
		215B79331F7339CD0012D944 /* PBXTargetDependency */ = {
			isa = PBXTargetDependency;
			target = 215B791C1F7339CD0012D944 /* GPlaceKit */;
			targetProxy = 215B79321F7339CD0012D944 /* PBXContainerItemProxy */;
		};
/* End PBXTargetDependency section */

/* Begin PBXVariantGroup section */
		215B79241F7339CD0012D944 /* Main.storyboard */ = {
			isa = PBXVariantGroup;
			children = (
				215B79251F7339CD0012D944 /* Base */,
			);
			name = Main.storyboard;
			sourceTree = "<group>";
		};
		215B79291F7339CD0012D944 /* LaunchScreen.storyboard */ = {
			isa = PBXVariantGroup;
			children = (
				215B792A1F7339CD0012D944 /* Base */,
			);
			name = LaunchScreen.storyboard;
			sourceTree = "<group>";
		};
/* End PBXVariantGroup section */

/* Begin XCBuildConfiguration section */
		215B79381F7339CD0012D944 /* Debug */ = {
			isa = XCBuildConfiguration;
			buildSettings = {
				ALWAYS_SEARCH_USER_PATHS = NO;
				CLANG_ANALYZER_NONNULL = YES;
				CLANG_ANALYZER_NUMBER_OBJECT_CONVERSION = YES_AGGRESSIVE;
				CLANG_CXX_LANGUAGE_STANDARD = "gnu++0x";
				CLANG_CXX_LIBRARY = "libc++";
				CLANG_ENABLE_MODULES = YES;
				CLANG_ENABLE_OBJC_ARC = YES;
				CLANG_WARN_BOOL_CONVERSION = YES;
				CLANG_WARN_CONSTANT_CONVERSION = YES;
				CLANG_WARN_DIRECT_OBJC_ISA_USAGE = YES_ERROR;
				CLANG_WARN_DOCUMENTATION_COMMENTS = YES;
				CLANG_WARN_EMPTY_BODY = YES;
				CLANG_WARN_ENUM_CONVERSION = YES;
				CLANG_WARN_INFINITE_RECURSION = YES;
				CLANG_WARN_INT_CONVERSION = YES;
				CLANG_WARN_OBJC_ROOT_CLASS = YES_ERROR;
				CLANG_WARN_SUSPICIOUS_MOVE = YES;
				CLANG_WARN_UNREACHABLE_CODE = YES;
				CLANG_WARN__DUPLICATE_METHOD_MATCH = YES;
				"CODE_SIGN_IDENTITY[sdk=iphoneos*]" = "iPhone Developer";
				COPY_PHASE_STRIP = NO;
				DEBUG_INFORMATION_FORMAT = dwarf;
				ENABLE_STRICT_OBJC_MSGSEND = YES;
				ENABLE_TESTABILITY = YES;
				GCC_C_LANGUAGE_STANDARD = gnu99;
				GCC_DYNAMIC_NO_PIC = NO;
				GCC_NO_COMMON_BLOCKS = YES;
				GCC_OPTIMIZATION_LEVEL = 0;
				GCC_PREPROCESSOR_DEFINITIONS = (
					"DEBUG=1",
					"$(inherited)",
				);
				GCC_WARN_64_TO_32_BIT_CONVERSION = YES;
				GCC_WARN_ABOUT_RETURN_TYPE = YES_ERROR;
				GCC_WARN_UNDECLARED_SELECTOR = YES;
				GCC_WARN_UNINITIALIZED_AUTOS = YES_AGGRESSIVE;
				GCC_WARN_UNUSED_FUNCTION = YES;
				GCC_WARN_UNUSED_VARIABLE = YES;
				IPHONEOS_DEPLOYMENT_TARGET = 10.3;
				MTL_ENABLE_DEBUG_INFO = YES;
				ONLY_ACTIVE_ARCH = YES;
				SDKROOT = iphoneos;
				SWIFT_ACTIVE_COMPILATION_CONDITIONS = DEBUG;
				SWIFT_OPTIMIZATION_LEVEL = "-Onone";
			};
			name = Debug;
		};
		215B79391F7339CD0012D944 /* Release */ = {
			isa = XCBuildConfiguration;
			buildSettings = {
				ALWAYS_SEARCH_USER_PATHS = NO;
				CLANG_ANALYZER_NONNULL = YES;
				CLANG_ANALYZER_NUMBER_OBJECT_CONVERSION = YES_AGGRESSIVE;
				CLANG_CXX_LANGUAGE_STANDARD = "gnu++0x";
				CLANG_CXX_LIBRARY = "libc++";
				CLANG_ENABLE_MODULES = YES;
				CLANG_ENABLE_OBJC_ARC = YES;
				CLANG_WARN_BOOL_CONVERSION = YES;
				CLANG_WARN_CONSTANT_CONVERSION = YES;
				CLANG_WARN_DIRECT_OBJC_ISA_USAGE = YES_ERROR;
				CLANG_WARN_DOCUMENTATION_COMMENTS = YES;
				CLANG_WARN_EMPTY_BODY = YES;
				CLANG_WARN_ENUM_CONVERSION = YES;
				CLANG_WARN_INFINITE_RECURSION = YES;
				CLANG_WARN_INT_CONVERSION = YES;
				CLANG_WARN_OBJC_ROOT_CLASS = YES_ERROR;
				CLANG_WARN_SUSPICIOUS_MOVE = YES;
				CLANG_WARN_UNREACHABLE_CODE = YES;
				CLANG_WARN__DUPLICATE_METHOD_MATCH = YES;
				"CODE_SIGN_IDENTITY[sdk=iphoneos*]" = "iPhone Developer";
				COPY_PHASE_STRIP = NO;
				DEBUG_INFORMATION_FORMAT = "dwarf-with-dsym";
				ENABLE_NS_ASSERTIONS = NO;
				ENABLE_STRICT_OBJC_MSGSEND = YES;
				GCC_C_LANGUAGE_STANDARD = gnu99;
				GCC_NO_COMMON_BLOCKS = YES;
				GCC_WARN_64_TO_32_BIT_CONVERSION = YES;
				GCC_WARN_ABOUT_RETURN_TYPE = YES_ERROR;
				GCC_WARN_UNDECLARED_SELECTOR = YES;
				GCC_WARN_UNINITIALIZED_AUTOS = YES_AGGRESSIVE;
				GCC_WARN_UNUSED_FUNCTION = YES;
				GCC_WARN_UNUSED_VARIABLE = YES;
				IPHONEOS_DEPLOYMENT_TARGET = 10.3;
				MTL_ENABLE_DEBUG_INFO = NO;
				SDKROOT = iphoneos;
				SWIFT_OPTIMIZATION_LEVEL = "-Owholemodule";
				VALIDATE_PRODUCT = YES;
			};
			name = Release;
		};
		215B793B1F7339CD0012D944 /* Debug */ = {
			isa = XCBuildConfiguration;
			buildSettings = {
				ASSETCATALOG_COMPILER_APPICON_NAME = AppIcon;
				INFOPLIST_FILE = GPlaceKit/Info.plist;
				IPHONEOS_DEPLOYMENT_TARGET = 9.0;
				LD_RUNPATH_SEARCH_PATHS = "$(inherited) @executable_path/Frameworks";
				PRODUCT_BUNDLE_IDENTIFIER = com.swankystreet.ituneskit.GPlaceKit;
				PRODUCT_NAME = "$(TARGET_NAME)";
				SWIFT_VERSION = 3.0;
			};
			name = Debug;
		};
		215B793C1F7339CD0012D944 /* Release */ = {
			isa = XCBuildConfiguration;
			buildSettings = {
				ASSETCATALOG_COMPILER_APPICON_NAME = AppIcon;
				INFOPLIST_FILE = GPlaceKit/Info.plist;
				IPHONEOS_DEPLOYMENT_TARGET = 9.0;
				LD_RUNPATH_SEARCH_PATHS = "$(inherited) @executable_path/Frameworks";
				PRODUCT_BUNDLE_IDENTIFIER = com.swankystreet.ituneskit.GPlaceKit;
				PRODUCT_NAME = "$(TARGET_NAME)";
				SWIFT_VERSION = 3.0;
			};
			name = Release;
		};
		215B793E1F7339CD0012D944 /* Debug */ = {
			isa = XCBuildConfiguration;
			buildSettings = {
				ALWAYS_EMBED_SWIFT_STANDARD_LIBRARIES = YES;
				BUNDLE_LOADER = "$(TEST_HOST)";
				INFOPLIST_FILE = GPlaceKitTests/Info.plist;
				LD_RUNPATH_SEARCH_PATHS = "$(inherited) @executable_path/Frameworks @loader_path/Frameworks";
				PRODUCT_BUNDLE_IDENTIFIER = com.swankystreet.ituneskit.GPlaceKitTests;
				PRODUCT_NAME = "$(TARGET_NAME)";
				SWIFT_VERSION = 3.0;
				TEST_HOST = "$(BUILT_PRODUCTS_DIR)/GPlaceKit.app/GPlaceKit";
			};
			name = Debug;
		};
		215B793F1F7339CD0012D944 /* Release */ = {
			isa = XCBuildConfiguration;
			buildSettings = {
				ALWAYS_EMBED_SWIFT_STANDARD_LIBRARIES = YES;
				BUNDLE_LOADER = "$(TEST_HOST)";
				INFOPLIST_FILE = GPlaceKitTests/Info.plist;
				LD_RUNPATH_SEARCH_PATHS = "$(inherited) @executable_path/Frameworks @loader_path/Frameworks";
				PRODUCT_BUNDLE_IDENTIFIER = com.swankystreet.ituneskit.GPlaceKitTests;
				PRODUCT_NAME = "$(TARGET_NAME)";
				SWIFT_VERSION = 3.0;
				TEST_HOST = "$(BUILT_PRODUCTS_DIR)/GPlaceKit.app/GPlaceKit";
			};
			name = Release;
		};
/* End XCBuildConfiguration section */

/* Begin XCConfigurationList section */
		215B79181F7339CD0012D944 /* Build configuration list for PBXProject "GPlaceKit" */ = {
			isa = XCConfigurationList;
			buildConfigurations = (
				215B79381F7339CD0012D944 /* Debug */,
				215B79391F7339CD0012D944 /* Release */,
			);
			defaultConfigurationIsVisible = 0;
			defaultConfigurationName = Release;
		};
		215B793A1F7339CD0012D944 /* Build configuration list for PBXNativeTarget "GPlaceKit" */ = {
			isa = XCConfigurationList;
			buildConfigurations = (
				215B793B1F7339CD0012D944 /* Debug */,
				215B793C1F7339CD0012D944 /* Release */,
			);
			defaultConfigurationIsVisible = 0;
			defaultConfigurationName = Release;
		};
		215B793D1F7339CD0012D944 /* Build configuration list for PBXNativeTarget "GPlaceKitTests" */ = {
			isa = XCConfigurationList;
			buildConfigurations = (
				215B793E1F7339CD0012D944 /* Debug */,
				215B793F1F7339CD0012D944 /* Release */,
			);
			defaultConfigurationIsVisible = 0;
			defaultConfigurationName = Release;
		};
/* End XCConfigurationList section */
	};
	rootObject = 215B79151F7339CD0012D944 /* Project object */;
}
